{
    "_readme": [
        "This file locks the dependencies of your project to a known state",
        "Read more about it at https://getcomposer.org/doc/01-basic-usage.md#installing-dependencies",
        "This file is @generated automatically"
    ],
    "content-hash": "523aa8fa082e894a131ef70894439cd9",
    "packages": [
        {
            "name": "opcodesio/log-viewer",
            "version": "v3.24.2",
            "source": {
                "type": "git",
                "url": "https://github.com/opcodesio/log-viewer.git",
                "reference": "bdf931182c40001dd3ebf728fdded0648b121ae0"
            },
            "dist": {
                "type": "zip",
                "url": "https://api.github.com/repos/opcodesio/log-viewer/zipball/bdf931182c40001dd3ebf728fdded0648b121ae0",
                "reference": "bdf931182c40001dd3ebf728fdded0648b121ae0",
                "shasum": ""
            },
            "require": {
                "illuminate/contracts": "^8.0|^9.0|^10.0|^11.0|^12.0|^13.0",
                "opcodesio/mail-parser": "^0.2.3",
                "php": "^8.0"
            },
            "conflict": {
                "arcanedev/log-viewer": "^8.0"
            },
            "require-dev": {
                "guzzlehttp/guzzle": "^7.2",
                "itsgoingd/clockwork": "^5.1",
                "laravel/pint": "^1.0",
                "nunomaduro/collision": "^7.0|^8.0",
                "orchestra/testbench": "^7.6|^8.0|^9.5|^10.0|^11.0",
                "pestphp/pest": "^2.0|^3.7|^4.4",
                "pestphp/pest-plugin-laravel": "^2.0|^3.1|^4.1",
                "spatie/test-time": "^1.3"
            },
            "suggest": {
                "guzzlehttp/guzzle": "Required for multi-host support. ^7.2"
            },
            "type": "library",
            "extra": {
                "laravel": {
                    "aliases": {
                        "LogViewer": "Opcodes\\LogViewer\\Facades\\LogViewer"
                    },
                    "providers": [
                        "Opcodes\\LogViewer\\LogViewerServiceProvider"
                    ]
                }
            },
            "autoload": {
                "psr-4": {
                    "Opcodes\\LogViewer\\": "src"
                }
            },
            "notification-url": "https://packagist.org/downloads/",
            "license": [
                "MIT"
            ],
            "authors": [
                {
                    "name": "Arunas Skirius",
                    "email": "arukomp@gmail.com",
                    "role": "Developer"
                }
            ],
            "description": "Fast and easy-to-use log viewer for your Laravel application",
            "homepage": "https://github.com/opcodesio/log-viewer",
            "keywords": [
                "arukompas",
                "better-log-viewer",
                "laravel",
                "log viewer",
                "logs",
                "opcodesio"
            ],
            "support": {
                "issues": "https://github.com/opcodesio/log-viewer/issues",
                "source": "https://github.com/opcodesio/log-viewer/tree/v3.24.2"
            },
            "funding": [
                {
                    "url": "https://www.buymeacoffee.com/arunas",
                    "type": "custom"
                },
                {
                    "url": "https://github.com/arukompas",
                    "type": "github"
                }
            ],
            "time": "2026-06-11T13:41:17+00:00"
        },
        {
            "name": "opcodesio/mail-parser",
            "version": "v0.2.4",
            "source": {
                "type": "git",
                "url": "https://github.com/opcodesio/mail-parser.git",
                "reference": "7151e4183288e46d911a76803c5545a1c8822226"
            },
            "dist": {
                "type": "zip",
                "url": "https://api.github.com/repos/opcodesio/mail-parser/zipball/7151e4183288e46d911a76803c5545a1c8822226",
                "reference": "7151e4183288e46d911a76803c5545a1c8822226",
                "shasum": ""
            },
            "require": {
                "php": "^8.0"
            },
            "require-dev": {
                "pestphp/pest": "^2.16",
                "symfony/var-dumper": "^6.3"
            },
            "type": "library",
            "autoload": {
                "psr-4": {
                    "Opcodes\\MailParser\\": "src/"
                }
            },
            "notification-url": "https://packagist.org/downloads/",
            "license": [
                "MIT"
            ],
            "authors": [
                {
                    "name": "Arunas Skirius",
                    "email": "arukomp@gmail.com",
                    "role": "Developer"
                }
            ],
            "description": "Parse emails without the mailparse extension",
            "keywords": [
                "arukompas",
                "email",
                "email parser",
                "mail",
                "opcodesio",
                "php"
            ],
            "support": {
                "issues": "https://github.com/opcodesio/mail-parser/issues",
                "source": "https://github.com/opcodesio/mail-parser/tree/v0.2.4"
            },
            "time": "2026-06-11T08:50:37+00:00"
        }
    ],
    "packages-dev": [],
    "aliases": [],
    "minimum-stability": "stable",
    "stability-flags": {},
    "prefer-stable": false,
    "prefer-lowest": false,
    "platform": {},
    "platform-dev": {},
    "platform-overrides": {
        "php": "8.2.0"
    },
    "plugin-api-version": "2.9.0"
}
